
Microsoft Visual Studio Solution File, Format Version 12.00
# Visual Studio Version 17
VisualStudioVersion = 17.6.33815.320
MinimumVisualStudioVersion = 10.0.40219.1
Project("{FAE04EC0-301F-11D3-BF4B-00C04F79EFBC}") = "EvenOrOddprogram", "EvenOrOddprogram\EvenOrOddprogram.csproj", "{F332A23C-67E2-4943-BD71-C8665F613865}"
EndProject
Global
	GlobalSection(SolutionConfigurationPlatforms) = preSolution
		Debug|Any CPU = Debug|Any CPU
		Release|Any CPU = Release|Any CPU
	EndGlobalSection
	GlobalSection(ProjectConfigurationPlatforms) = postSolution
		{F332A23C-67E2-4943-BD71-C8665F613865}.Debug|Any CPU.ActiveCfg = Debug|Any CPU
		{F332A23C-67E2-4943-BD71-C8665F613865}.Debug|Any CPU.Build.0 = Debug|Any CPU
		{F332A23C-67E2-4943-BD71-C8665F613865}.Release|Any CPU.ActiveCfg = Release|Any CPU
		{F332A23C-67E2-4943-BD71-C8665F613865}.Release|Any CPU.Build.0 = Release|Any CPU
	EndGlobalSection
	GlobalSection(SolutionProperties) = preSolution
		HideSolutionNode = FALSE
	EndGlobalSection
	GlobalSection(ExtensibilityGlobals) = postSolution
		SolutionGuid = {8A048B07-72AA-4579-8311-CA60224EA713}
	EndGlobalSection
EndGlobal
