
Microsoft Visual Studio Solution File, Format Version 12.00
# Visual Studio Version 17
VisualStudioVersion = 17.6.33815.320
MinimumVisualStudioVersion = 10.0.40219.1
Project("{FAE04EC0-301F-11D3-BF4B-00C04F79EFBC}") = "SwapProgram", "SwapProgram\SwapProgram.csproj", "{75130300-4F96-496E-ADD7-B75347818A62}"
EndProject
Global
	GlobalSection(SolutionConfigurationPlatforms) = preSolution
		Debug|Any CPU = Debug|Any CPU
		Release|Any CPU = Release|Any CPU
	EndGlobalSection
	GlobalSection(ProjectConfigurationPlatforms) = postSolution
		{75130300-4F96-496E-ADD7-B75347818A62}.Debug|Any CPU.ActiveCfg = Debug|Any CPU
		{75130300-4F96-496E-ADD7-B75347818A62}.Debug|Any CPU.Build.0 = Debug|Any CPU
		{75130300-4F96-496E-ADD7-B75347818A62}.Release|Any CPU.ActiveCfg = Release|Any CPU
		{75130300-4F96-496E-ADD7-B75347818A62}.Release|Any CPU.Build.0 = Release|Any CPU
	EndGlobalSection
	GlobalSection(SolutionProperties) = preSolution
		HideSolutionNode = FALSE
	EndGlobalSection
	GlobalSection(ExtensibilityGlobals) = postSolution
		SolutionGuid = {1A15BA40-29A9-47D9-8F31-E82E44571321}
	EndGlobalSection
EndGlobal
